# THIS IS AN AUTOGENERATED FILE. DO NOT EDIT THIS FILE DIRECTLY.
# yarn lockfile v1


core-js@^3.41.0:
  version "3.41.0"
  resolved "https://registry.yarnpkg.com/core-js/-/core-js-3.41.0.tgz#57714dafb8c751a6095d028a7428f1fb5834a776"
  integrity sha512-SJ4/EHwS36QMJd6h/Rg+GyR4A5xE0FSI3eZ+iBVpfqf1x0eTSg1smWLHrA+2jQThZSh97fmSgFSU8B61nxosxA==
